// !$*UTF8*$!
{
	archiveVersion = 1;
	classes = {
	};
	objectVersion = 46;
	objects = {

/* Begin PBXBuildFile section */
		34AB8F7733E65ECE9FA6A3FC /* libPods-MeetTheTeam.a in Frameworks */ = {isa = PBXBuildFile; fileRef = FEA271B388529069B8AA35F4 /* libPods-MeetTheTeam.a */; };
		3A64376040C5314400DF60C4 /* libPods-MeetTheTeamUITests.a in Frameworks */ = {isa = PBXBuildFile; fileRef = BDC9F9B7D6FE4C58B434591A /* libPods-MeetTheTeamUITests.a */; };
		469AE8671EA05C9B00E4B35F /* main.m in Sources */ = {isa = PBXBuildFile; fileRef = 469AE8661EA05C9B00E4B35F /* main.m */; };
		469AE86A1EA05C9B00E4B35F /* AppDelegate.m in Sources */ = {isa = PBXBuildFile; fileRef = 469AE8691EA05C9B00E4B35F /* AppDelegate.m */; };
		469AE86D1EA05C9B00E4B35F /* MasterViewController.m in Sources */ = {isa = PBXBuildFile; fileRef = 469AE86C1EA05C9B00E4B35F /* MasterViewController.m */; };
		469AE8701EA05C9B00E4B35F /* ProfileViewController.m in Sources */ = {isa = PBXBuildFile; fileRef = 469AE86F1EA05C9B00E4B35F /* ProfileViewController.m */; };
		469AE8731EA05C9B00E4B35F /* Main.storyboard in Resources */ = {isa = PBXBuildFile; fileRef = 469AE8711EA05C9B00E4B35F /* Main.storyboard */; };
		469AE8781EA05C9B00E4B35F /* LaunchScreen.storyboard in Resources */ = {isa = PBXBuildFile; fileRef = 469AE8761EA05C9B00E4B35F /* LaunchScreen.storyboard */; };
		469AE8831EA05C9B00E4B35F /* MeetTheTeamTests.m in Sources */ = {isa = PBXBuildFile; fileRef = 469AE8821EA05C9B00E4B35F /* MeetTheTeamTests.m */; };
		469AE88E1EA05C9B00E4B35F /* MeetTheTeamUITests.m in Sources */ = {isa = PBXBuildFile; fileRef = 469AE88D1EA05C9B00E4B35F /* MeetTheTeamUITests.m */; };
		469AE89E1EA06BDB00E4B35F /* Lato-Bold.ttf in Resources */ = {isa = PBXBuildFile; fileRef = 469AE89B1EA06BDB00E4B35F /* Lato-Bold.ttf */; };
		469AE89F1EA06BDB00E4B35F /* Lato-Regular.ttf in Resources */ = {isa = PBXBuildFile; fileRef = 469AE89C1EA06BDB00E4B35F /* Lato-Regular.ttf */; };
		469AE8A01EA06BDB00E4B35F /* Lato-Semibold.ttf in Resources */ = {isa = PBXBuildFile; fileRef = 469AE89D1EA06BDB00E4B35F /* Lato-Semibold.ttf */; };
		469AE8A71EA08A5700E4B35F /* TeammateTableViewCell.m in Sources */ = {isa = PBXBuildFile; fileRef = 469AE8A51EA08A5700E4B35F /* TeammateTableViewCell.m */; };
		469AE8A81EA08A5700E4B35F /* TeammateTableViewCell.xib in Resources */ = {isa = PBXBuildFile; fileRef = 469AE8A61EA08A5700E4B35F /* TeammateTableViewCell.xib */; };
		79E06BE71EA1095B002AA47D /* CMBTheme.m in Sources */ = {isa = PBXBuildFile; fileRef = 79E06BE61EA1095B002AA47D /* CMBTheme.m */; };
		79E06BE91EA10D93002AA47D /* Assets.xcassets in Resources */ = {isa = PBXBuildFile; fileRef = 79E06BE81EA10D93002AA47D /* Assets.xcassets */; };
		79E06BEB1EA11041002AA47D /* team.json in Resources */ = {isa = PBXBuildFile; fileRef = 79E06BEA1EA11041002AA47D /* team.json */; };
		79E06BEE1EA12376002AA47D /* TeammateScrollView.m in Sources */ = {isa = PBXBuildFile; fileRef = 79E06BED1EA12376002AA47D /* TeammateScrollView.m */; };
		79E06BF11EA12CDB002AA47D /* TeammateProfileView.m in Sources */ = {isa = PBXBuildFile; fileRef = 79E06BF01EA12CDB002AA47D /* TeammateProfileView.m */; };
		D00B8F04090891878E827DB4 /* libPods-MeetTheTeamTests.a in Frameworks */ = {isa = PBXBuildFile; fileRef = 11CB997356AFDC82DD7CC465 /* libPods-MeetTheTeamTests.a */; };
/* End PBXBuildFile section */

/* Begin PBXContainerItemProxy section */
		469AE87F1EA05C9B00E4B35F /* PBXContainerItemProxy */ = {
			isa = PBXContainerItemProxy;
			containerPortal = 469AE85A1EA05C9B00E4B35F /* Project object */;
			proxyType = 1;
			remoteGlobalIDString = 469AE8611EA05C9B00E4B35F;
			remoteInfo = MeetTheTeam;
		};
		469AE88A1EA05C9B00E4B35F /* PBXContainerItemProxy */ = {
			isa = PBXContainerItemProxy;
			containerPortal = 469AE85A1EA05C9B00E4B35F /* Project object */;
			proxyType = 1;
			remoteGlobalIDString = 469AE8611EA05C9B00E4B35F;
			remoteInfo = MeetTheTeam;
		};
/* End PBXContainerItemProxy section */

/* Begin PBXFileReference section */
		11CB997356AFDC82DD7CC465 /* libPods-MeetTheTeamTests.a */ = {isa = PBXFileReference; explicitFileType = archive.ar; includeInIndex = 0; path = "libPods-MeetTheTeamTests.a"; sourceTree = BUILT_PRODUCTS_DIR; };
		28F9AD8774E7AD6046868015 /* Pods-MeetTheTeamUITests.debug.xcconfig */ = {isa = PBXFileReference; includeInIndex = 1; lastKnownFileType = text.xcconfig; name = "Pods-MeetTheTeamUITests.debug.xcconfig"; path = "Pods/Target Support Files/Pods-MeetTheTeamUITests/Pods-MeetTheTeamUITests.debug.xcconfig"; sourceTree = "<group>"; };
		3AB9EC15B40C188993C13403 /* Pods-MeetTheTeamTests.release.xcconfig */ = {isa = PBXFileReference; includeInIndex = 1; lastKnownFileType = text.xcconfig; name = "Pods-MeetTheTeamTests.release.xcconfig"; path = "Pods/Target Support Files/Pods-MeetTheTeamTests/Pods-MeetTheTeamTests.release.xcconfig"; sourceTree = "<group>"; };
		469AE8621EA05C9B00E4B35F /* MeetTheTeam.app */ = {isa = PBXFileReference; explicitFileType = wrapper.application; includeInIndex = 0; path = MeetTheTeam.app; sourceTree = BUILT_PRODUCTS_DIR; };
		469AE8661EA05C9B00E4B35F /* main.m */ = {isa = PBXFileReference; lastKnownFileType = sourcecode.c.objc; path = main.m; sourceTree = "<group>"; };
		469AE8681EA05C9B00E4B35F /* AppDelegate.h */ = {isa = PBXFileReference; lastKnownFileType = sourcecode.c.h; path = AppDelegate.h; sourceTree = "<group>"; };
		469AE8691EA05C9B00E4B35F /* AppDelegate.m */ = {isa = PBXFileReference; lastKnownFileType = sourcecode.c.objc; path = AppDelegate.m; sourceTree = "<group>"; };
		469AE86B1EA05C9B00E4B35F /* MasterViewController.h */ = {isa = PBXFileReference; lastKnownFileType = sourcecode.c.h; path = MasterViewController.h; sourceTree = "<group>"; };
		469AE86C1EA05C9B00E4B35F /* MasterViewController.m */ = {isa = PBXFileReference; lastKnownFileType = sourcecode.c.objc; path = MasterViewController.m; sourceTree = "<group>"; };
		469AE86E1EA05C9B00E4B35F /* ProfileViewController.h */ = {isa = PBXFileReference; lastKnownFileType = sourcecode.c.h; path = ProfileViewController.h; sourceTree = "<group>"; };
		469AE86F1EA05C9B00E4B35F /* ProfileViewController.m */ = {isa = PBXFileReference; lastKnownFileType = sourcecode.c.objc; path = ProfileViewController.m; sourceTree = "<group>"; };
		469AE8721EA05C9B00E4B35F /* Base */ = {isa = PBXFileReference; lastKnownFileType = file.storyboard; name = Base; path = Base.lproj/Main.storyboard; sourceTree = "<group>"; };
		469AE8771EA05C9B00E4B35F /* Base */ = {isa = PBXFileReference; lastKnownFileType = file.storyboard; name = Base; path = Base.lproj/LaunchScreen.storyboard; sourceTree = "<group>"; };
		469AE8791EA05C9B00E4B35F /* Info.plist */ = {isa = PBXFileReference; lastKnownFileType = text.plist.xml; path = Info.plist; sourceTree = "<group>"; };
		469AE87E1EA05C9B00E4B35F /* MeetTheTeamTests.xctest */ = {isa = PBXFileReference; explicitFileType = wrapper.cfbundle; includeInIndex = 0; path = MeetTheTeamTests.xctest; sourceTree = BUILT_PRODUCTS_DIR; };
		469AE8821EA05C9B00E4B35F /* MeetTheTeamTests.m */ = {isa = PBXFileReference; lastKnownFileType = sourcecode.c.objc; path = MeetTheTeamTests.m; sourceTree = "<group>"; };
		469AE8841EA05C9B00E4B35F /* Info.plist */ = {isa = PBXFileReference; lastKnownFileType = text.plist.xml; path = Info.plist; sourceTree = "<group>"; };
		469AE8891EA05C9B00E4B35F /* MeetTheTeamUITests.xctest */ = {isa = PBXFileReference; explicitFileType = wrapper.cfbundle; includeInIndex = 0; path = MeetTheTeamUITests.xctest; sourceTree = BUILT_PRODUCTS_DIR; };
		469AE88D1EA05C9B00E4B35F /* MeetTheTeamUITests.m */ = {isa = PBXFileReference; lastKnownFileType = sourcecode.c.objc; path = MeetTheTeamUITests.m; sourceTree = "<group>"; };
		469AE88F1EA05C9B00E4B35F /* Info.plist */ = {isa = PBXFileReference; lastKnownFileType = text.plist.xml; path = Info.plist; sourceTree = "<group>"; };
		469AE89B1EA06BDB00E4B35F /* Lato-Bold.ttf */ = {isa = PBXFileReference; lastKnownFileType = file; path = "Lato-Bold.ttf"; sourceTree = "<group>"; };
		469AE89C1EA06BDB00E4B35F /* Lato-Regular.ttf */ = {isa = PBXFileReference; lastKnownFileType = file; path = "Lato-Regular.ttf"; sourceTree = "<group>"; };
		469AE89D1EA06BDB00E4B35F /* Lato-Semibold.ttf */ = {isa = PBXFileReference; lastKnownFileType = file; path = "Lato-Semibold.ttf"; sourceTree = "<group>"; };
		469AE8A41EA08A5700E4B35F /* TeammateTableViewCell.h */ = {isa = PBXFileReference; fileEncoding = 4; lastKnownFileType = sourcecode.c.h; path = TeammateTableViewCell.h; sourceTree = "<group>"; };
		469AE8A51EA08A5700E4B35F /* TeammateTableViewCell.m */ = {isa = PBXFileReference; fileEncoding = 4; lastKnownFileType = sourcecode.c.objc; path = TeammateTableViewCell.m; sourceTree = "<group>"; };
		469AE8A61EA08A5700E4B35F /* TeammateTableViewCell.xib */ = {isa = PBXFileReference; fileEncoding = 4; lastKnownFileType = file.xib; path = TeammateTableViewCell.xib; sourceTree = "<group>"; };
		79E06BE51EA1095B002AA47D /* CMBTheme.h */ = {isa = PBXFileReference; fileEncoding = 4; lastKnownFileType = sourcecode.c.h; path = CMBTheme.h; sourceTree = "<group>"; };
		79E06BE61EA1095B002AA47D /* CMBTheme.m */ = {isa = PBXFileReference; fileEncoding = 4; lastKnownFileType = sourcecode.c.objc; path = CMBTheme.m; sourceTree = "<group>"; };
		79E06BE81EA10D93002AA47D /* Assets.xcassets */ = {isa = PBXFileReference; lastKnownFileType = folder.assetcatalog; path = Assets.xcassets; sourceTree = "<group>"; };
		79E06BEA1EA11041002AA47D /* team.json */ = {isa = PBXFileReference; fileEncoding = 4; lastKnownFileType = text.json; path = team.json; sourceTree = "<group>"; };
		79E06BEC1EA12376002AA47D /* TeammateScrollView.h */ = {isa = PBXFileReference; fileEncoding = 4; lastKnownFileType = sourcecode.c.h; path = TeammateScrollView.h; sourceTree = "<group>"; };
		79E06BED1EA12376002AA47D /* TeammateScrollView.m */ = {isa = PBXFileReference; fileEncoding = 4; lastKnownFileType = sourcecode.c.objc; path = TeammateScrollView.m; sourceTree = "<group>"; };
		79E06BEF1EA12CDB002AA47D /* TeammateProfileView.h */ = {isa = PBXFileReference; fileEncoding = 4; lastKnownFileType = sourcecode.c.h; path = TeammateProfileView.h; sourceTree = "<group>"; };
		79E06BF01EA12CDB002AA47D /* TeammateProfileView.m */ = {isa = PBXFileReference; fileEncoding = 4; lastKnownFileType = sourcecode.c.objc; path = TeammateProfileView.m; sourceTree = "<group>"; };
		A0866A1956FF1674E8B27309 /* Pods-MeetTheTeamUITests.release.xcconfig */ = {isa = PBXFileReference; includeInIndex = 1; lastKnownFileType = text.xcconfig; name = "Pods-MeetTheTeamUITests.release.xcconfig"; path = "Pods/Target Support Files/Pods-MeetTheTeamUITests/Pods-MeetTheTeamUITests.release.xcconfig"; sourceTree = "<group>"; };
		A32E2BACCFBA491302F1E903 /* Pods-MeetTheTeam.debug.xcconfig */ = {isa = PBXFileReference; includeInIndex = 1; lastKnownFileType = text.xcconfig; name = "Pods-MeetTheTeam.debug.xcconfig"; path = "Pods/Target Support Files/Pods-MeetTheTeam/Pods-MeetTheTeam.debug.xcconfig"; sourceTree = "<group>"; };
		BDC9F9B7D6FE4C58B434591A /* libPods-MeetTheTeamUITests.a */ = {isa = PBXFileReference; explicitFileType = archive.ar; includeInIndex = 0; path = "libPods-MeetTheTeamUITests.a"; sourceTree = BUILT_PRODUCTS_DIR; };
		DEB84E0E87B07F234917FB46 /* Pods-MeetTheTeam.release.xcconfig */ = {isa = PBXFileReference; includeInIndex = 1; lastKnownFileType = text.xcconfig; name = "Pods-MeetTheTeam.release.xcconfig"; path = "Pods/Target Support Files/Pods-MeetTheTeam/Pods-MeetTheTeam.release.xcconfig"; sourceTree = "<group>"; };
		FD6806D09F89BD190B1B7576 /* Pods-MeetTheTeamTests.debug.xcconfig */ = {isa = PBXFileReference; includeInIndex = 1; lastKnownFileType = text.xcconfig; name = "Pods-MeetTheTeamTests.debug.xcconfig"; path = "Pods/Target Support Files/Pods-MeetTheTeamTests/Pods-MeetTheTeamTests.debug.xcconfig"; sourceTree = "<group>"; };
		FEA271B388529069B8AA35F4 /* libPods-MeetTheTeam.a */ = {isa = PBXFileReference; explicitFileType = archive.ar; includeInIndex = 0; path = "libPods-MeetTheTeam.a"; sourceTree = BUILT_PRODUCTS_DIR; };
/* End PBXFileReference section */

/* Begin PBXFrameworksBuildPhase section */
		469AE85F1EA05C9B00E4B35F /* Frameworks */ = {
			isa = PBXFrameworksBuildPhase;
			buildActionMask = 2147483647;
			files = (
				34AB8F7733E65ECE9FA6A3FC /* libPods-MeetTheTeam.a in Frameworks */,
			);
			runOnlyForDeploymentPostprocessing = 0;
		};
		469AE87B1EA05C9B00E4B35F /* Frameworks */ = {
			isa = PBXFrameworksBuildPhase;
			buildActionMask = 2147483647;
			files = (
				D00B8F04090891878E827DB4 /* libPods-MeetTheTeamTests.a in Frameworks */,
			);
			runOnlyForDeploymentPostprocessing = 0;
		};
		469AE8861EA05C9B00E4B35F /* Frameworks */ = {
			isa = PBXFrameworksBuildPhase;
			buildActionMask = 2147483647;
			files = (
				3A64376040C5314400DF60C4 /* libPods-MeetTheTeamUITests.a in Frameworks */,
			);
			runOnlyForDeploymentPostprocessing = 0;
		};
/* End PBXFrameworksBuildPhase section */

/* Begin PBXGroup section */
		469AE8591EA05C9B00E4B35F = {
			isa = PBXGroup;
			children = (
				469AE8641EA05C9B00E4B35F /* MeetTheTeam */,
				469AE8811EA05C9B00E4B35F /* MeetTheTeamTests */,
				469AE88C1EA05C9B00E4B35F /* MeetTheTeamUITests */,
				469AE8631EA05C9B00E4B35F /* Products */,
				76588A9897B4C397E9A19F77 /* Pods */,
				6C554A17A8DA3808C16E12C7 /* Frameworks */,
			);
			sourceTree = "<group>";
		};
		469AE8631EA05C9B00E4B35F /* Products */ = {
			isa = PBXGroup;
			children = (
				469AE8621EA05C9B00E4B35F /* MeetTheTeam.app */,
				469AE87E1EA05C9B00E4B35F /* MeetTheTeamTests.xctest */,
				469AE8891EA05C9B00E4B35F /* MeetTheTeamUITests.xctest */,
			);
			name = Products;
			sourceTree = "<group>";
		};
		469AE8641EA05C9B00E4B35F /* MeetTheTeam */ = {
			isa = PBXGroup;
			children = (
				469AE8681EA05C9B00E4B35F /* AppDelegate.h */,
				469AE8691EA05C9B00E4B35F /* AppDelegate.m */,
				469AE86B1EA05C9B00E4B35F /* MasterViewController.h */,
				469AE86C1EA05C9B00E4B35F /* MasterViewController.m */,
				79E06BE51EA1095B002AA47D /* CMBTheme.h */,
				79E06BE61EA1095B002AA47D /* CMBTheme.m */,
				79E06BEF1EA12CDB002AA47D /* TeammateProfileView.h */,
				79E06BF01EA12CDB002AA47D /* TeammateProfileView.m */,
				469AE8A91EA08A5E00E4B35F /* TableViewCell */,
				469AE86E1EA05C9B00E4B35F /* ProfileViewController.h */,
				469AE86F1EA05C9B00E4B35F /* ProfileViewController.m */,
				79E06BEC1EA12376002AA47D /* TeammateScrollView.h */,
				79E06BED1EA12376002AA47D /* TeammateScrollView.m */,
				469AE8711EA05C9B00E4B35F /* Main.storyboard */,
				469AE8761EA05C9B00E4B35F /* LaunchScreen.storyboard */,
				79E06BE81EA10D93002AA47D /* Assets.xcassets */,
				469AE8791EA05C9B00E4B35F /* Info.plist */,
				469AE8651EA05C9B00E4B35F /* Supporting Files */,
			);
			path = MeetTheTeam;
			sourceTree = "<group>";
		};
		469AE8651EA05C9B00E4B35F /* Supporting Files */ = {
			isa = PBXGroup;
			children = (
				79E06BEA1EA11041002AA47D /* team.json */,
				469AE89B1EA06BDB00E4B35F /* Lato-Bold.ttf */,
				469AE89C1EA06BDB00E4B35F /* Lato-Regular.ttf */,
				469AE89D1EA06BDB00E4B35F /* Lato-Semibold.ttf */,
				469AE8661EA05C9B00E4B35F /* main.m */,
			);
			name = "Supporting Files";
			sourceTree = "<group>";
		};
		469AE8811EA05C9B00E4B35F /* MeetTheTeamTests */ = {
			isa = PBXGroup;
			children = (
				469AE8821EA05C9B00E4B35F /* MeetTheTeamTests.m */,
				469AE8841EA05C9B00E4B35F /* Info.plist */,
			);
			path = MeetTheTeamTests;
			sourceTree = "<group>";
		};
		469AE88C1EA05C9B00E4B35F /* MeetTheTeamUITests */ = {
			isa = PBXGroup;
			children = (
				469AE88D1EA05C9B00E4B35F /* MeetTheTeamUITests.m */,
				469AE88F1EA05C9B00E4B35F /* Info.plist */,
			);
			path = MeetTheTeamUITests;
			sourceTree = "<group>";
		};
		469AE8A91EA08A5E00E4B35F /* TableViewCell */ = {
			isa = PBXGroup;
			children = (
				469AE8A41EA08A5700E4B35F /* TeammateTableViewCell.h */,
				469AE8A51EA08A5700E4B35F /* TeammateTableViewCell.m */,
				469AE8A61EA08A5700E4B35F /* TeammateTableViewCell.xib */,
			);
			name = TableViewCell;
			sourceTree = "<group>";
		};
		6C554A17A8DA3808C16E12C7 /* Frameworks */ = {
			isa = PBXGroup;
			children = (
				FEA271B388529069B8AA35F4 /* libPods-MeetTheTeam.a */,
				11CB997356AFDC82DD7CC465 /* libPods-MeetTheTeamTests.a */,
				BDC9F9B7D6FE4C58B434591A /* libPods-MeetTheTeamUITests.a */,
			);
			name = Frameworks;
			sourceTree = "<group>";
		};
		76588A9897B4C397E9A19F77 /* Pods */ = {
			isa = PBXGroup;
			children = (
				A32E2BACCFBA491302F1E903 /* Pods-MeetTheTeam.debug.xcconfig */,
				DEB84E0E87B07F234917FB46 /* Pods-MeetTheTeam.release.xcconfig */,
				FD6806D09F89BD190B1B7576 /* Pods-MeetTheTeamTests.debug.xcconfig */,
				3AB9EC15B40C188993C13403 /* Pods-MeetTheTeamTests.release.xcconfig */,
				28F9AD8774E7AD6046868015 /* Pods-MeetTheTeamUITests.debug.xcconfig */,
				A0866A1956FF1674E8B27309 /* Pods-MeetTheTeamUITests.release.xcconfig */,
			);
			name = Pods;
			sourceTree = "<group>";
		};
/* End PBXGroup section */

/* Begin PBXNativeTarget section */
		469AE8611EA05C9B00E4B35F /* MeetTheTeam */ = {
			isa = PBXNativeTarget;
			buildConfigurationList = 469AE8921EA05C9B00E4B35F /* Build configuration list for PBXNativeTarget "MeetTheTeam" */;
			buildPhases = (
				25ED33B8CECD6A996D5E56C6 /* [CP] Check Pods Manifest.lock */,
				469AE85E1EA05C9B00E4B35F /* Sources */,
				469AE85F1EA05C9B00E4B35F /* Frameworks */,
				469AE8601EA05C9B00E4B35F /* Resources */,
				1530F71F072D9CE8DE810924 /* [CP] Embed Pods Frameworks */,
				47AED6A167030D1C1BBB16AB /* [CP] Copy Pods Resources */,
			);
			buildRules = (
			);
			dependencies = (
			);
			name = MeetTheTeam;
			productName = MeetTheTeam;
			productReference = 469AE8621EA05C9B00E4B35F /* MeetTheTeam.app */;
			productType = "com.apple.product-type.application";
		};
		469AE87D1EA05C9B00E4B35F /* MeetTheTeamTests */ = {
			isa = PBXNativeTarget;
			buildConfigurationList = 469AE8951EA05C9B00E4B35F /* Build configuration list for PBXNativeTarget "MeetTheTeamTests" */;
			buildPhases = (
				2E28D46729471DB2BB3804A8 /* [CP] Check Pods Manifest.lock */,
				469AE87A1EA05C9B00E4B35F /* Sources */,
				469AE87B1EA05C9B00E4B35F /* Frameworks */,
				469AE87C1EA05C9B00E4B35F /* Resources */,
				F4341FB67B1505DC4AD17EAD /* [CP] Embed Pods Frameworks */,
				EB0DC8FDBE1A6CFED118E37F /* [CP] Copy Pods Resources */,
			);
			buildRules = (
			);
			dependencies = (
				469AE8801EA05C9B00E4B35F /* PBXTargetDependency */,
			);
			name = MeetTheTeamTests;
			productName = MeetTheTeamTests;
			productReference = 469AE87E1EA05C9B00E4B35F /* MeetTheTeamTests.xctest */;
			productType = "com.apple.product-type.bundle.unit-test";
		};
		469AE8881EA05C9B00E4B35F /* MeetTheTeamUITests */ = {
			isa = PBXNativeTarget;
			buildConfigurationList = 469AE8981EA05C9B00E4B35F /* Build configuration list for PBXNativeTarget "MeetTheTeamUITests" */;
			buildPhases = (
				D9CCCE58C738D2D227DA384E /* [CP] Check Pods Manifest.lock */,
				469AE8851EA05C9B00E4B35F /* Sources */,
				469AE8861EA05C9B00E4B35F /* Frameworks */,
				469AE8871EA05C9B00E4B35F /* Resources */,
				ACE02164DCD5642385A03F5C /* [CP] Embed Pods Frameworks */,
				1AD63618E4F7558F9C7E9DF5 /* [CP] Copy Pods Resources */,
			);
			buildRules = (
			);
			dependencies = (
				469AE88B1EA05C9B00E4B35F /* PBXTargetDependency */,
			);
			name = MeetTheTeamUITests;
			productName = MeetTheTeamUITests;
			productReference = 469AE8891EA05C9B00E4B35F /* MeetTheTeamUITests.xctest */;
			productType = "com.apple.product-type.bundle.ui-testing";
		};
/* End PBXNativeTarget section */

/* Begin PBXProject section */
		469AE85A1EA05C9B00E4B35F /* Project object */ = {
			isa = PBXProject;
			attributes = {
				LastUpgradeCheck = 0830;
				ORGANIZATIONNAME = TylerKuster;
				TargetAttributes = {
					469AE8611EA05C9B00E4B35F = {
						CreatedOnToolsVersion = 8.3.1;
						DevelopmentTeam = YHD42F5PMJ;
						ProvisioningStyle = Automatic;
					};
					469AE87D1EA05C9B00E4B35F = {
						CreatedOnToolsVersion = 8.3.1;
						DevelopmentTeam = YHD42F5PMJ;
						ProvisioningStyle = Automatic;
						TestTargetID = 469AE8611EA05C9B00E4B35F;
					};
					469AE8881EA05C9B00E4B35F = {
						CreatedOnToolsVersion = 8.3.1;
						DevelopmentTeam = YHD42F5PMJ;
						ProvisioningStyle = Automatic;
						TestTargetID = 469AE8611EA05C9B00E4B35F;
					};
				};
			};
			buildConfigurationList = 469AE85D1EA05C9B00E4B35F /* Build configuration list for PBXProject "MeetTheTeam" */;
			compatibilityVersion = "Xcode 3.2";
			developmentRegion = English;
			hasScannedForEncodings = 0;
			knownRegions = (
				en,
				Base,
			);
			mainGroup = 469AE8591EA05C9B00E4B35F;
			productRefGroup = 469AE8631EA05C9B00E4B35F /* Products */;
			projectDirPath = "";
			projectRoot = "";
			targets = (
				469AE8611EA05C9B00E4B35F /* MeetTheTeam */,
				469AE87D1EA05C9B00E4B35F /* MeetTheTeamTests */,
				469AE8881EA05C9B00E4B35F /* MeetTheTeamUITests */,
			);
		};
/* End PBXProject section */

/* Begin PBXResourcesBuildPhase section */
		469AE8601EA05C9B00E4B35F /* Resources */ = {
			isa = PBXResourcesBuildPhase;
			buildActionMask = 2147483647;
			files = (
				79E06BEB1EA11041002AA47D /* team.json in Resources */,
				469AE8781EA05C9B00E4B35F /* LaunchScreen.storyboard in Resources */,
				469AE89F1EA06BDB00E4B35F /* Lato-Regular.ttf in Resources */,
				469AE8731EA05C9B00E4B35F /* Main.storyboard in Resources */,
				469AE89E1EA06BDB00E4B35F /* Lato-Bold.ttf in Resources */,
				79E06BE91EA10D93002AA47D /* Assets.xcassets in Resources */,
				469AE8A01EA06BDB00E4B35F /* Lato-Semibold.ttf in Resources */,
				469AE8A81EA08A5700E4B35F /* TeammateTableViewCell.xib in Resources */,
			);
			runOnlyForDeploymentPostprocessing = 0;
		};
		469AE87C1EA05C9B00E4B35F /* Resources */ = {
			isa = PBXResourcesBuildPhase;
			buildActionMask = 2147483647;
			files = (
			);
			runOnlyForDeploymentPostprocessing = 0;
		};
		469AE8871EA05C9B00E4B35F /* Resources */ = {
			isa = PBXResourcesBuildPhase;
			buildActionMask = 2147483647;
			files = (
			);
			runOnlyForDeploymentPostprocessing = 0;
		};
/* End PBXResourcesBuildPhase section */

/* Begin PBXShellScriptBuildPhase section */
		1530F71F072D9CE8DE810924 /* [CP] Embed Pods Frameworks */ = {
			isa = PBXShellScriptBuildPhase;
			buildActionMask = 2147483647;
			files = (
			);
			inputPaths = (
			);
			name = "[CP] Embed Pods Frameworks";
			outputPaths = (
			);
			runOnlyForDeploymentPostprocessing = 0;
			shellPath = /bin/sh;
			shellScript = "\"${SRCROOT}/Pods/Target Support Files/Pods-MeetTheTeam/Pods-MeetTheTeam-frameworks.sh\"\n";
			showEnvVarsInLog = 0;
		};
		1AD63618E4F7558F9C7E9DF5 /* [CP] Copy Pods Resources */ = {
			isa = PBXShellScriptBuildPhase;
			buildActionMask = 2147483647;
			files = (
			);
			inputPaths = (
			);
			name = "[CP] Copy Pods Resources";
			outputPaths = (
			);
			runOnlyForDeploymentPostprocessing = 0;
			shellPath = /bin/sh;
			shellScript = "\"${SRCROOT}/Pods/Target Support Files/Pods-MeetTheTeamUITests/Pods-MeetTheTeamUITests-resources.sh\"\n";
			showEnvVarsInLog = 0;
		};
		25ED33B8CECD6A996D5E56C6 /* [CP] Check Pods Manifest.lock */ = {
			isa = PBXShellScriptBuildPhase;
			buildActionMask = 2147483647;
			files = (
			);
			inputPaths = (
			);
			name = "[CP] Check Pods Manifest.lock";
			outputPaths = (
			);
			runOnlyForDeploymentPostprocessing = 0;
			shellPath = /bin/sh;
			shellScript = "diff \"${PODS_ROOT}/../Podfile.lock\" \"${PODS_ROOT}/Manifest.lock\" > /dev/null\nif [ $? != 0 ] ; then\n    # print error to STDERR\n    echo \"error: The sandbox is not in sync with the Podfile.lock. Run 'pod install' or update your CocoaPods installation.\" >&2\n    exit 1\nfi\n";
			showEnvVarsInLog = 0;
		};
		2E28D46729471DB2BB3804A8 /* [CP] Check Pods Manifest.lock */ = {
			isa = PBXShellScriptBuildPhase;
			buildActionMask = 2147483647;
			files = (
			);
			inputPaths = (
			);
			name = "[CP] Check Pods Manifest.lock";
			outputPaths = (
			);
			runOnlyForDeploymentPostprocessing = 0;
			shellPath = /bin/sh;
			shellScript = "diff \"${PODS_ROOT}/../Podfile.lock\" \"${PODS_ROOT}/Manifest.lock\" > /dev/null\nif [ $? != 0 ] ; then\n    # print error to STDERR\n    echo \"error: The sandbox is not in sync with the Podfile.lock. Run 'pod install' or update your CocoaPods installation.\" >&2\n    exit 1\nfi\n";
			showEnvVarsInLog = 0;
		};
		47AED6A167030D1C1BBB16AB /* [CP] Copy Pods Resources */ = {
			isa = PBXShellScriptBuildPhase;
			buildActionMask = 2147483647;
			files = (
			);
			inputPaths = (
			);
			name = "[CP] Copy Pods Resources";
			outputPaths = (
			);
			runOnlyForDeploymentPostprocessing = 0;
			shellPath = /bin/sh;
			shellScript = "\"${SRCROOT}/Pods/Target Support Files/Pods-MeetTheTeam/Pods-MeetTheTeam-resources.sh\"\n";
			showEnvVarsInLog = 0;
		};
		ACE02164DCD5642385A03F5C /* [CP] Embed Pods Frameworks */ = {
			isa = PBXShellScriptBuildPhase;
			buildActionMask = 2147483647;
			files = (
			);
			inputPaths = (
			);
			name = "[CP] Embed Pods Frameworks";
			outputPaths = (
			);
			runOnlyForDeploymentPostprocessing = 0;
			shellPath = /bin/sh;
			shellScript = "\"${SRCROOT}/Pods/Target Support Files/Pods-MeetTheTeamUITests/Pods-MeetTheTeamUITests-frameworks.sh\"\n";
			showEnvVarsInLog = 0;
		};
		D9CCCE58C738D2D227DA384E /* [CP] Check Pods Manifest.lock */ = {
			isa = PBXShellScriptBuildPhase;
			buildActionMask = 2147483647;
			files = (
			);
			inputPaths = (
			);
			name = "[CP] Check Pods Manifest.lock";
			outputPaths = (
			);
			runOnlyForDeploymentPostprocessing = 0;
			shellPath = /bin/sh;
			shellScript = "diff \"${PODS_ROOT}/../Podfile.lock\" \"${PODS_ROOT}/Manifest.lock\" > /dev/null\nif [ $? != 0 ] ; then\n    # print error to STDERR\n    echo \"error: The sandbox is not in sync with the Podfile.lock. Run 'pod install' or update your CocoaPods installation.\" >&2\n    exit 1\nfi\n";
			showEnvVarsInLog = 0;
		};
		EB0DC8FDBE1A6CFED118E37F /* [CP] Copy Pods Resources */ = {
			isa = PBXShellScriptBuildPhase;
			buildActionMask = 2147483647;
			files = (
			);
			inputPaths = (
			);
			name = "[CP] Copy Pods Resources";
			outputPaths = (
			);
			runOnlyForDeploymentPostprocessing = 0;
			shellPath = /bin/sh;
			shellScript = "\"${SRCROOT}/Pods/Target Support Files/Pods-MeetTheTeamTests/Pods-MeetTheTeamTests-resources.sh\"\n";
			showEnvVarsInLog = 0;
		};
		F4341FB67B1505DC4AD17EAD /* [CP] Embed Pods Frameworks */ = {
			isa = PBXShellScriptBuildPhase;
			buildActionMask = 2147483647;
			files = (
			);
			inputPaths = (
			);
			name = "[CP] Embed Pods Frameworks";
			outputPaths = (
			);
			runOnlyForDeploymentPostprocessing = 0;
			shellPath = /bin/sh;
			shellScript = "\"${SRCROOT}/Pods/Target Support Files/Pods-MeetTheTeamTests/Pods-MeetTheTeamTests-frameworks.sh\"\n";
			showEnvVarsInLog = 0;
		};
/* End PBXShellScriptBuildPhase section */

/* Begin PBXSourcesBuildPhase section */
		469AE85E1EA05C9B00E4B35F /* Sources */ = {
			isa = PBXSourcesBuildPhase;
			buildActionMask = 2147483647;
			files = (
				79E06BE71EA1095B002AA47D /* CMBTheme.m in Sources */,
				469AE8A71EA08A5700E4B35F /* TeammateTableViewCell.m in Sources */,
				79E06BF11EA12CDB002AA47D /* TeammateProfileView.m in Sources */,
				469AE86A1EA05C9B00E4B35F /* AppDelegate.m in Sources */,
				469AE86D1EA05C9B00E4B35F /* MasterViewController.m in Sources */,
				469AE8671EA05C9B00E4B35F /* main.m in Sources */,
				79E06BEE1EA12376002AA47D /* TeammateScrollView.m in Sources */,
				469AE8701EA05C9B00E4B35F /* ProfileViewController.m in Sources */,
			);
			runOnlyForDeploymentPostprocessing = 0;
		};
		469AE87A1EA05C9B00E4B35F /* Sources */ = {
			isa = PBXSourcesBuildPhase;
			buildActionMask = 2147483647;
			files = (
				469AE8831EA05C9B00E4B35F /* MeetTheTeamTests.m in Sources */,
			);
			runOnlyForDeploymentPostprocessing = 0;
		};
		469AE8851EA05C9B00E4B35F /* Sources */ = {
			isa = PBXSourcesBuildPhase;
			buildActionMask = 2147483647;
			files = (
				469AE88E1EA05C9B00E4B35F /* MeetTheTeamUITests.m in Sources */,
			);
			runOnlyForDeploymentPostprocessing = 0;
		};
/* End PBXSourcesBuildPhase section */

/* Begin PBXTargetDependency section */
		469AE8801EA05C9B00E4B35F /* PBXTargetDependency */ = {
			isa = PBXTargetDependency;
			target = 469AE8611EA05C9B00E4B35F /* MeetTheTeam */;
			targetProxy = 469AE87F1EA05C9B00E4B35F /* PBXContainerItemProxy */;
		};
		469AE88B1EA05C9B00E4B35F /* PBXTargetDependency */ = {
			isa = PBXTargetDependency;
			target = 469AE8611EA05C9B00E4B35F /* MeetTheTeam */;
			targetProxy = 469AE88A1EA05C9B00E4B35F /* PBXContainerItemProxy */;
		};
/* End PBXTargetDependency section */

/* Begin PBXVariantGroup section */
		469AE8711EA05C9B00E4B35F /* Main.storyboard */ = {
			isa = PBXVariantGroup;
			children = (
				469AE8721EA05C9B00E4B35F /* Base */,
			);
			name = Main.storyboard;
			sourceTree = "<group>";
		};
		469AE8761EA05C9B00E4B35F /* LaunchScreen.storyboard */ = {
			isa = PBXVariantGroup;
			children = (
				469AE8771EA05C9B00E4B35F /* Base */,
			);
			name = LaunchScreen.storyboard;
			sourceTree = "<group>";
		};
/* End PBXVariantGroup section */

/* Begin XCBuildConfiguration section */
		469AE8901EA05C9B00E4B35F /* Debug */ = {
			isa = XCBuildConfiguration;
			buildSettings = {
				ALWAYS_SEARCH_USER_PATHS = NO;
				CLANG_ANALYZER_NONNULL = YES;
				CLANG_ANALYZER_NUMBER_OBJECT_CONVERSION = YES_AGGRESSIVE;
				CLANG_CXX_LANGUAGE_STANDARD = "gnu++0x";
				CLANG_CXX_LIBRARY = "libc++";
				CLANG_ENABLE_MODULES = YES;
				CLANG_ENABLE_OBJC_ARC = YES;
				CLANG_WARN_BOOL_CONVERSION = YES;
				CLANG_WARN_CONSTANT_CONVERSION = YES;
				CLANG_WARN_DIRECT_OBJC_ISA_USAGE = YES_ERROR;
				CLANG_WARN_DOCUMENTATION_COMMENTS = YES;
				CLANG_WARN_EMPTY_BODY = YES;
				CLANG_WARN_ENUM_CONVERSION = YES;
				CLANG_WARN_INFINITE_RECURSION = YES;
				CLANG_WARN_INT_CONVERSION = YES;
				CLANG_WARN_OBJC_ROOT_CLASS = YES_ERROR;
				CLANG_WARN_SUSPICIOUS_MOVE = YES;
				CLANG_WARN_UNREACHABLE_CODE = YES;
				CLANG_WARN__DUPLICATE_METHOD_MATCH = YES;
				"CODE_SIGN_IDENTITY[sdk=iphoneos*]" = "iPhone Developer";
				COPY_PHASE_STRIP = NO;
				DEBUG_INFORMATION_FORMAT = dwarf;
				ENABLE_STRICT_OBJC_MSGSEND = YES;
				ENABLE_TESTABILITY = YES;
				GCC_C_LANGUAGE_STANDARD = gnu99;
				GCC_DYNAMIC_NO_PIC = NO;
				GCC_NO_COMMON_BLOCKS = YES;
				GCC_OPTIMIZATION_LEVEL = 0;
				GCC_PREPROCESSOR_DEFINITIONS = (
					"DEBUG=1",
					"$(inherited)",
				);
				GCC_WARN_64_TO_32_BIT_CONVERSION = YES;
				GCC_WARN_ABOUT_RETURN_TYPE = YES_ERROR;
				GCC_WARN_UNDECLARED_SELECTOR = YES;
				GCC_WARN_UNINITIALIZED_AUTOS = YES_AGGRESSIVE;
				GCC_WARN_UNUSED_FUNCTION = YES;
				GCC_WARN_UNUSED_VARIABLE = YES;
				IPHONEOS_DEPLOYMENT_TARGET = 10.3;
				MTL_ENABLE_DEBUG_INFO = YES;
				ONLY_ACTIVE_ARCH = YES;
				SDKROOT = iphoneos;
			};
			name = Debug;
		};
		469AE8911EA05C9B00E4B35F /* Release */ = {
			isa = XCBuildConfiguration;
			buildSettings = {
				ALWAYS_SEARCH_USER_PATHS = NO;
				CLANG_ANALYZER_NONNULL = YES;
				CLANG_ANALYZER_NUMBER_OBJECT_CONVERSION = YES_AGGRESSIVE;
				CLANG_CXX_LANGUAGE_STANDARD = "gnu++0x";
				CLANG_CXX_LIBRARY = "libc++";
				CLANG_ENABLE_MODULES = YES;
				CLANG_ENABLE_OBJC_ARC = YES;
				CLANG_WARN_BOOL_CONVERSION = YES;
				CLANG_WARN_CONSTANT_CONVERSION = YES;
				CLANG_WARN_DIRECT_OBJC_ISA_USAGE = YES_ERROR;
				CLANG_WARN_DOCUMENTATION_COMMENTS = YES;
				CLANG_WARN_EMPTY_BODY = YES;
				CLANG_WARN_ENUM_CONVERSION = YES;
				CLANG_WARN_INFINITE_RECURSION = YES;
				CLANG_WARN_INT_CONVERSION = YES;
				CLANG_WARN_OBJC_ROOT_CLASS = YES_ERROR;
				CLANG_WARN_SUSPICIOUS_MOVE = YES;
				CLANG_WARN_UNREACHABLE_CODE = YES;
				CLANG_WARN__DUPLICATE_METHOD_MATCH = YES;
				"CODE_SIGN_IDENTITY[sdk=iphoneos*]" = "iPhone Developer";
				COPY_PHASE_STRIP = NO;
				DEBUG_INFORMATION_FORMAT = "dwarf-with-dsym";
				ENABLE_NS_ASSERTIONS = NO;
				ENABLE_STRICT_OBJC_MSGSEND = YES;
				GCC_C_LANGUAGE_STANDARD = gnu99;
				GCC_NO_COMMON_BLOCKS = YES;
				GCC_WARN_64_TO_32_BIT_CONVERSION = YES;
				GCC_WARN_ABOUT_RETURN_TYPE = YES_ERROR;
				GCC_WARN_UNDECLARED_SELECTOR = YES;
				GCC_WARN_UNINITIALIZED_AUTOS = YES_AGGRESSIVE;
				GCC_WARN_UNUSED_FUNCTION = YES;
				GCC_WARN_UNUSED_VARIABLE = YES;
				IPHONEOS_DEPLOYMENT_TARGET = 10.3;
				MTL_ENABLE_DEBUG_INFO = NO;
				SDKROOT = iphoneos;
				VALIDATE_PRODUCT = YES;
			};
			name = Release;
		};
		469AE8931EA05C9B00E4B35F /* Debug */ = {
			isa = XCBuildConfiguration;
			baseConfigurationReference = A32E2BACCFBA491302F1E903 /* Pods-MeetTheTeam.debug.xcconfig */;
			buildSettings = {
				ASSETCATALOG_COMPILER_APPICON_NAME = AppIcon;
				DEVELOPMENT_TEAM = YHD42F5PMJ;
				INFOPLIST_FILE = MeetTheTeam/Info.plist;
				LD_RUNPATH_SEARCH_PATHS = "$(inherited) @executable_path/Frameworks";
				PRODUCT_BUNDLE_IDENTIFIER = com.TylerKuster.MeetTheTeam;
				PRODUCT_NAME = "$(TARGET_NAME)";
			};
			name = Debug;
		};
		469AE8941EA05C9B00E4B35F /* Release */ = {
			isa = XCBuildConfiguration;
			baseConfigurationReference = DEB84E0E87B07F234917FB46 /* Pods-MeetTheTeam.release.xcconfig */;
			buildSettings = {
				ASSETCATALOG_COMPILER_APPICON_NAME = AppIcon;
				DEVELOPMENT_TEAM = YHD42F5PMJ;
				INFOPLIST_FILE = MeetTheTeam/Info.plist;
				LD_RUNPATH_SEARCH_PATHS = "$(inherited) @executable_path/Frameworks";
				PRODUCT_BUNDLE_IDENTIFIER = com.TylerKuster.MeetTheTeam;
				PRODUCT_NAME = "$(TARGET_NAME)";
			};
			name = Release;
		};
		469AE8961EA05C9B00E4B35F /* Debug */ = {
			isa = XCBuildConfiguration;
			baseConfigurationReference = FD6806D09F89BD190B1B7576 /* Pods-MeetTheTeamTests.debug.xcconfig */;
			buildSettings = {
				BUNDLE_LOADER = "$(TEST_HOST)";
				DEVELOPMENT_TEAM = YHD42F5PMJ;
				INFOPLIST_FILE = MeetTheTeamTests/Info.plist;
				LD_RUNPATH_SEARCH_PATHS = "$(inherited) @executable_path/Frameworks @loader_path/Frameworks";
				PRODUCT_BUNDLE_IDENTIFIER = com.TylerKuster.MeetTheTeamTests;
				PRODUCT_NAME = "$(TARGET_NAME)";
				TEST_HOST = "$(BUILT_PRODUCTS_DIR)/MeetTheTeam.app/MeetTheTeam";
			};
			name = Debug;
		};
		469AE8971EA05C9B00E4B35F /* Release */ = {
			isa = XCBuildConfiguration;
			baseConfigurationReference = 3AB9EC15B40C188993C13403 /* Pods-MeetTheTeamTests.release.xcconfig */;
			buildSettings = {
				BUNDLE_LOADER = "$(TEST_HOST)";
				DEVELOPMENT_TEAM = YHD42F5PMJ;
				INFOPLIST_FILE = MeetTheTeamTests/Info.plist;
				LD_RUNPATH_SEARCH_PATHS = "$(inherited) @executable_path/Frameworks @loader_path/Frameworks";
				PRODUCT_BUNDLE_IDENTIFIER = com.TylerKuster.MeetTheTeamTests;
				PRODUCT_NAME = "$(TARGET_NAME)";
				TEST_HOST = "$(BUILT_PRODUCTS_DIR)/MeetTheTeam.app/MeetTheTeam";
			};
			name = Release;
		};
		469AE8991EA05C9B00E4B35F /* Debug */ = {
			isa = XCBuildConfiguration;
			baseConfigurationReference = 28F9AD8774E7AD6046868015 /* Pods-MeetTheTeamUITests.debug.xcconfig */;
			buildSettings = {
				DEVELOPMENT_TEAM = YHD42F5PMJ;
				INFOPLIST_FILE = MeetTheTeamUITests/Info.plist;
				LD_RUNPATH_SEARCH_PATHS = "$(inherited) @executable_path/Frameworks @loader_path/Frameworks";
				PRODUCT_BUNDLE_IDENTIFIER = com.TylerKuster.MeetTheTeamUITests;
				PRODUCT_NAME = "$(TARGET_NAME)";
				TEST_TARGET_NAME = MeetTheTeam;
			};
			name = Debug;
		};
		469AE89A1EA05C9B00E4B35F /* Release */ = {
			isa = XCBuildConfiguration;
			baseConfigurationReference = A0866A1956FF1674E8B27309 /* Pods-MeetTheTeamUITests.release.xcconfig */;
			buildSettings = {
				DEVELOPMENT_TEAM = YHD42F5PMJ;
				INFOPLIST_FILE = MeetTheTeamUITests/Info.plist;
				LD_RUNPATH_SEARCH_PATHS = "$(inherited) @executable_path/Frameworks @loader_path/Frameworks";
				PRODUCT_BUNDLE_IDENTIFIER = com.TylerKuster.MeetTheTeamUITests;
				PRODUCT_NAME = "$(TARGET_NAME)";
				TEST_TARGET_NAME = MeetTheTeam;
			};
			name = Release;
		};
/* End XCBuildConfiguration section */

/* Begin XCConfigurationList section */
		469AE85D1EA05C9B00E4B35F /* Build configuration list for PBXProject "MeetTheTeam" */ = {
			isa = XCConfigurationList;
			buildConfigurations = (
				469AE8901EA05C9B00E4B35F /* Debug */,
				469AE8911EA05C9B00E4B35F /* Release */,
			);
			defaultConfigurationIsVisible = 0;
			defaultConfigurationName = Release;
		};
		469AE8921EA05C9B00E4B35F /* Build configuration list for PBXNativeTarget "MeetTheTeam" */ = {
			isa = XCConfigurationList;
			buildConfigurations = (
				469AE8931EA05C9B00E4B35F /* Debug */,
				469AE8941EA05C9B00E4B35F /* Release */,
			);
			defaultConfigurationIsVisible = 0;
			defaultConfigurationName = Release;
		};
		469AE8951EA05C9B00E4B35F /* Build configuration list for PBXNativeTarget "MeetTheTeamTests" */ = {
			isa = XCConfigurationList;
			buildConfigurations = (
				469AE8961EA05C9B00E4B35F /* Debug */,
				469AE8971EA05C9B00E4B35F /* Release */,
			);
			defaultConfigurationIsVisible = 0;
			defaultConfigurationName = Release;
		};
		469AE8981EA05C9B00E4B35F /* Build configuration list for PBXNativeTarget "MeetTheTeamUITests" */ = {
			isa = XCConfigurationList;
			buildConfigurations = (
				469AE8991EA05C9B00E4B35F /* Debug */,
				469AE89A1EA05C9B00E4B35F /* Release */,
			);
			defaultConfigurationIsVisible = 0;
			defaultConfigurationName = Release;
		};
/* End XCConfigurationList section */
	};
	rootObject = 469AE85A1EA05C9B00E4B35F /* Project object */;
}
